
Microsoft Visual Studio Solution File, Format Version 12.00
# Visual Studio Version 17
VisualStudioVersion = 17.3.32901.215
MinimumVisualStudioVersion = 10.0.40219.1
Project("{FAE04EC0-301F-11D3-BF4B-00C04F79EFBC}") = "CALC3", "CALC3\CALC3.csproj", "{3E1972B3-5C7D-491B-BF1E-7FDE64FFD117}"
EndProject
Global
	GlobalSection(SolutionConfigurationPlatforms) = preSolution
		Debug|Any CPU = Debug|Any CPU
		Release|Any CPU = Release|Any CPU
	EndGlobalSection
	GlobalSection(ProjectConfigurationPlatforms) = postSolution
		{3E1972B3-5C7D-491B-BF1E-7FDE64FFD117}.Debug|Any CPU.ActiveCfg = Debug|Any CPU
		{3E1972B3-5C7D-491B-BF1E-7FDE64FFD117}.Debug|Any CPU.Build.0 = Debug|Any CPU
		{3E1972B3-5C7D-491B-BF1E-7FDE64FFD117}.Release|Any CPU.ActiveCfg = Release|Any CPU
		{3E1972B3-5C7D-491B-BF1E-7FDE64FFD117}.Release|Any CPU.Build.0 = Release|Any CPU
	EndGlobalSection
	GlobalSection(SolutionProperties) = preSolution
		HideSolutionNode = FALSE
	EndGlobalSection
	GlobalSection(ExtensibilityGlobals) = postSolution
		SolutionGuid = {C2D18865-00F6-433B-8CD6-417CF4E6B4CF}
	EndGlobalSection
EndGlobal
